<Solution>
  <Folder Name="/Solution Items/">
    <File Path=".gitignore" />
  </Folder>
  <Project Path="PAATT.Data/PAATT.Data.csproj" />
  <Project Path="PAATT.Services/PAATT.Services.csproj" />
  <Project Path="PAATT.Shared/PAATT.Shared.csproj" />
  <Project Path="PAATT/PAATT.Client/PAATT.Client.csproj" />
  <Project Path="PAATT/PAATT/PAATT.csproj" />
</Solution>
